
Microsoft Visual Studio Solution File, Format Version 12.00
# Visual Studio Version 17
VisualStudioVersion = 17.6.33815.320
MinimumVisualStudioVersion = 10.0.40219.1
Project("{FAE04EC0-301F-11D3-BF4B-00C04F79EFBC}") = "UseCase7", "UseCase7.csproj", "{9C543A41-D38F-46D6-91B7-C2C122D32471}"
EndProject
Global
	GlobalSection(SolutionConfigurationPlatforms) = preSolution
		Debug|Any CPU = Debug|Any CPU
		Release|Any CPU = Release|Any CPU
	EndGlobalSection
	GlobalSection(ProjectConfigurationPlatforms) = postSolution
		{9C543A41-D38F-46D6-91B7-C2C122D32471}.Debug|Any CPU.ActiveCfg = Debug|Any CPU
		{9C543A41-D38F-46D6-91B7-C2C122D32471}.Debug|Any CPU.Build.0 = Debug|Any CPU
		{9C543A41-D38F-46D6-91B7-C2C122D32471}.Release|Any CPU.ActiveCfg = Release|Any CPU
		{9C543A41-D38F-46D6-91B7-C2C122D32471}.Release|Any CPU.Build.0 = Release|Any CPU
	EndGlobalSection
	GlobalSection(SolutionProperties) = preSolution
		HideSolutionNode = FALSE
	EndGlobalSection
	GlobalSection(ExtensibilityGlobals) = postSolution
		SolutionGuid = {B8FABF35-EE2E-4662-8314-8ECE8BACDD95}
	EndGlobalSection
EndGlobal
